
Microsoft Visual Studio Solution File, Format Version 12.00
# Visual Studio 15
VisualStudioVersion = 15.0.27130.2027
MinimumVisualStudioVersion = 10.0.40219.1
Project("{2150E333-8FDC-42A3-9474-1A3956D46DE8}") = "Root", "Root", "{F6C2E1B5-DC94-4C03-B801-B2292E338EDD}"
	ProjectSection(SolutionItems) = preProject
		GraniResource.psd1 = GraniResource.psd1
		New-GraniResourceManifest.ps1 = New-GraniResourceManifest.ps1
		README.md = README.md
	EndProjectSection
EndProject
Project("{FAE04EC0-301F-11D3-BF4B-00C04F79EFBC}") = "Test", "Test\Test.csproj", "{A201D6A6-74EC-47F4-8791-373B6380804E}"
EndProject
Project("{FAE04EC0-301F-11D3-BF4B-00C04F79EFBC}") = "Designer", "Designer\Designer.csproj", "{A58D3D3C-FF82-4099-8435-177DB8241579}"
EndProject
Project("{FAE04EC0-301F-11D3-BF4B-00C04F79EFBC}") = "DSCResources", "DSCResources\DSCResources.csproj", "{25DD5BA3-6264-42FB-B09B-6BDDBE9E70A9}"
EndProject
Global
	GlobalSection(SolutionConfigurationPlatforms) = preSolution
		Debug|Any CPU = Debug|Any CPU
		Release|Any CPU = Release|Any CPU
	EndGlobalSection
	GlobalSection(ProjectConfigurationPlatforms) = postSolution
		{A201D6A6-74EC-47F4-8791-373B6380804E}.Debug|Any CPU.ActiveCfg = Debug|Any CPU
		{A201D6A6-74EC-47F4-8791-373B6380804E}.Debug|Any CPU.Build.0 = Debug|Any CPU
		{A201D6A6-74EC-47F4-8791-373B6380804E}.Release|Any CPU.ActiveCfg = Release|Any CPU
		{A201D6A6-74EC-47F4-8791-373B6380804E}.Release|Any CPU.Build.0 = Release|Any CPU
		{A58D3D3C-FF82-4099-8435-177DB8241579}.Debug|Any CPU.ActiveCfg = Debug|Any CPU
		{A58D3D3C-FF82-4099-8435-177DB8241579}.Debug|Any CPU.Build.0 = Debug|Any CPU
		{A58D3D3C-FF82-4099-8435-177DB8241579}.Release|Any CPU.ActiveCfg = Release|Any CPU
		{A58D3D3C-FF82-4099-8435-177DB8241579}.Release|Any CPU.Build.0 = Release|Any CPU
		{25DD5BA3-6264-42FB-B09B-6BDDBE9E70A9}.Debug|Any CPU.ActiveCfg = Debug|Any CPU
		{25DD5BA3-6264-42FB-B09B-6BDDBE9E70A9}.Debug|Any CPU.Build.0 = Debug|Any CPU
		{25DD5BA3-6264-42FB-B09B-6BDDBE9E70A9}.Release|Any CPU.ActiveCfg = Release|Any CPU
		{25DD5BA3-6264-42FB-B09B-6BDDBE9E70A9}.Release|Any CPU.Build.0 = Release|Any CPU
	EndGlobalSection
	GlobalSection(SolutionProperties) = preSolution
		HideSolutionNode = FALSE
	EndGlobalSection
	GlobalSection(ExtensibilityGlobals) = postSolution
		SolutionGuid = {D9E53D9F-FEFC-49C9-A119-804AB2B2A095}
	EndGlobalSection
EndGlobal
